
Microsoft Visual Studio Solution File, Format Version 12.00
# Visual Studio 15
VisualStudioVersion = 15.0.27130.2036
MinimumVisualStudioVersion = 10.0.40219.1
Project("{8BC9CEB8-8B4A-11D0-8D11-00A0C91BC942}") = "Fly", "Fly.vcxproj", "{7CFE3552-392B-4E30-8600-49B68F992606}"
	ProjectSection(ProjectDependencies) = postProject
		{4004630B-C2D1-454A-B1F1-2DF590ABEF06} = {4004630B-C2D1-454A-B1F1-2DF590ABEF06}
		{717A4F11-CAA2-4780-8120-81B4A677BA7E} = {717A4F11-CAA2-4780-8120-81B4A677BA7E}
		{89C90B43-26E5-48C8-9B11-5B5F9CB0322A} = {89C90B43-26E5-48C8-9B11-5B5F9CB0322A}
		{10183F6A-961A-4564-98B1-67F04DDA5A26} = {10183F6A-961A-4564-98B1-67F04DDA5A26}
		{EEDB0182-93B1-42C7-8A14-4B28024C764A} = {EEDB0182-93B1-42C7-8A14-4B28024C764A}
		{D7552788-AA67-47EE-9884-BE3E6670A664} = {D7552788-AA67-47EE-9884-BE3E6670A664}
		{DF43008F-20EB-4CA5-829F-CE45FC3BAE8F} = {DF43008F-20EB-4CA5-829F-CE45FC3BAE8F}
		{CBAF0AA9-1B84-4A61-AE7F-E26FC321120E} = {CBAF0AA9-1B84-4A61-AE7F-E26FC321120E}
		{221E30B6-1BA0-4A89-85C7-26B3EC39217D} = {221E30B6-1BA0-4A89-85C7-26B3EC39217D}
	EndProjectSection
EndProject
Project("{8BC9CEB8-8B4A-11D0-8D11-00A0C91BC942}") = "FlySSP", "..\FlySSP\FlySSP.vcxproj", "{10183F6A-961A-4564-98B1-67F04DDA5A26}"
	ProjectSection(ProjectDependencies) = postProject
		{EEDB0182-93B1-42C7-8A14-4B28024C764A} = {EEDB0182-93B1-42C7-8A14-4B28024C764A}
	EndProjectSection
EndProject
Project("{8BC9CEB8-8B4A-11D0-8D11-00A0C91BC942}") = "FlyMMath", "..\FlyMMath\FlyMMath.vcxproj", "{EEDB0182-93B1-42C7-8A14-4B28024C764A}"
EndProject
Project("{8BC9CEB8-8B4A-11D0-8D11-00A0C91BC942}") = "FlySofa", "..\FlySofa\FlySofa.vcxproj", "{717A4F11-CAA2-4780-8120-81B4A677BA7E}"
EndProject
Project("{8BC9CEB8-8B4A-11D0-8D11-00A0C91BC942}") = "FlyChebyshov", "..\FlyChebyshov\FlyChebyshov.vcxproj", "{89C90B43-26E5-48C8-9B11-5B5F9CB0322A}"
	ProjectSection(ProjectDependencies) = postProject
		{10183F6A-961A-4564-98B1-67F04DDA5A26} = {10183F6A-961A-4564-98B1-67F04DDA5A26}
		{EEDB0182-93B1-42C7-8A14-4B28024C764A} = {EEDB0182-93B1-42C7-8A14-4B28024C764A}
	EndProjectSection
EndProject
Project("{8BC9CEB8-8B4A-11D0-8D11-00A0C91BC942}") = "FlyCore", "..\FlyCore\FlyCore.vcxproj", "{DF43008F-20EB-4CA5-829F-CE45FC3BAE8F}"
	ProjectSection(ProjectDependencies) = postProject
		{5A188203-099B-4A87-ACD4-35F1CBB52DB5} = {5A188203-099B-4A87-ACD4-35F1CBB52DB5}
		{717A4F11-CAA2-4780-8120-81B4A677BA7E} = {717A4F11-CAA2-4780-8120-81B4A677BA7E}
		{89C90B43-26E5-48C8-9B11-5B5F9CB0322A} = {89C90B43-26E5-48C8-9B11-5B5F9CB0322A}
		{1946AB69-DA92-43EF-B38F-26A0740B279C} = {1946AB69-DA92-43EF-B38F-26A0740B279C}
		{10183F6A-961A-4564-98B1-67F04DDA5A26} = {10183F6A-961A-4564-98B1-67F04DDA5A26}
		{EEDB0182-93B1-42C7-8A14-4B28024C764A} = {EEDB0182-93B1-42C7-8A14-4B28024C764A}
		{CBAF0AA9-1B84-4A61-AE7F-E26FC321120E} = {CBAF0AA9-1B84-4A61-AE7F-E26FC321120E}
	EndProjectSection
EndProject
Project("{8BC9CEB8-8B4A-11D0-8D11-00A0C91BC942}") = "FlyOrbitDesign", "..\FlyOrbitDesign\FlyOrbitDesign.vcxproj", "{4004630B-C2D1-454A-B1F1-2DF590ABEF06}"
	ProjectSection(ProjectDependencies) = postProject
		{717A4F11-CAA2-4780-8120-81B4A677BA7E} = {717A4F11-CAA2-4780-8120-81B4A677BA7E}
		{EEDB0182-93B1-42C7-8A14-4B28024C764A} = {EEDB0182-93B1-42C7-8A14-4B28024C764A}
		{DF43008F-20EB-4CA5-829F-CE45FC3BAE8F} = {DF43008F-20EB-4CA5-829F-CE45FC3BAE8F}
	EndProjectSection
EndProject
Project("{8BC9CEB8-8B4A-11D0-8D11-00A0C91BC942}") = "FlyMagicLNS", "..\FlyMagicLNS\FlyMagicLNS.vcxproj", "{221E30B6-1BA0-4A89-85C7-26B3EC39217D}"
	ProjectSection(ProjectDependencies) = postProject
		{4004630B-C2D1-454A-B1F1-2DF590ABEF06} = {4004630B-C2D1-454A-B1F1-2DF590ABEF06}
		{717A4F11-CAA2-4780-8120-81B4A677BA7E} = {717A4F11-CAA2-4780-8120-81B4A677BA7E}
		{EEDB0182-93B1-42C7-8A14-4B28024C764A} = {EEDB0182-93B1-42C7-8A14-4B28024C764A}
		{DF43008F-20EB-4CA5-829F-CE45FC3BAE8F} = {DF43008F-20EB-4CA5-829F-CE45FC3BAE8F}
		{CBAF0AA9-1B84-4A61-AE7F-E26FC321120E} = {CBAF0AA9-1B84-4A61-AE7F-E26FC321120E}
	EndProjectSection
EndProject
Project("{8BC9CEB8-8B4A-11D0-8D11-00A0C91BC942}") = "FlyZip", "..\FlyZip\FlyZip.vcxproj", "{D7552788-AA67-47EE-9884-BE3E6670A664}"
EndProject
Project("{8BC9CEB8-8B4A-11D0-8D11-00A0C91BC942}") = "FlyTime", "..\FlyTime\FlyTime.vcxproj", "{1946AB69-DA92-43EF-B38F-26A0740B279C}"
	ProjectSection(ProjectDependencies) = postProject
		{717A4F11-CAA2-4780-8120-81B4A677BA7E} = {717A4F11-CAA2-4780-8120-81B4A677BA7E}
		{89C90B43-26E5-48C8-9B11-5B5F9CB0322A} = {89C90B43-26E5-48C8-9B11-5B5F9CB0322A}
	EndProjectSection
EndProject
Project("{8BC9CEB8-8B4A-11D0-8D11-00A0C91BC942}") = "FlyFormat", "..\FlyFormat\FlyFormat.vcxproj", "{CBAF0AA9-1B84-4A61-AE7F-E26FC321120E}"
	ProjectSection(ProjectDependencies) = postProject
		{1946AB69-DA92-43EF-B38F-26A0740B279C} = {1946AB69-DA92-43EF-B38F-26A0740B279C}
	EndProjectSection
EndProject
Project("{8BC9CEB8-8B4A-11D0-8D11-00A0C91BC942}") = "FlyUrlLoader", "..\FlyUrlLoader\FlyUrlLoader.vcxproj", "{73CA113F-E5F8-4DFC-801E-C45AA813E6FF}"
EndProject
Project("{8BC9CEB8-8B4A-11D0-8D11-00A0C91BC942}") = "FlyHtmlWriter", "..\FlyHtmlWriter\FlyHtmlWriter.vcxproj", "{5A188203-099B-4A87-ACD4-35F1CBB52DB5}"
EndProject
Global
	GlobalSection(SolutionConfigurationPlatforms) = preSolution
		Debug|Win32 = Debug|Win32
		Release|Win32 = Release|Win32
	EndGlobalSection
	GlobalSection(ProjectConfigurationPlatforms) = postSolution
		{7CFE3552-392B-4E30-8600-49B68F992606}.Debug|Win32.ActiveCfg = Debug|Win32
		{7CFE3552-392B-4E30-8600-49B68F992606}.Debug|Win32.Build.0 = Debug|Win32
		{7CFE3552-392B-4E30-8600-49B68F992606}.Release|Win32.ActiveCfg = Release|Win32
		{7CFE3552-392B-4E30-8600-49B68F992606}.Release|Win32.Build.0 = Release|Win32
		{10183F6A-961A-4564-98B1-67F04DDA5A26}.Debug|Win32.ActiveCfg = Debug|Win32
		{10183F6A-961A-4564-98B1-67F04DDA5A26}.Debug|Win32.Build.0 = Debug|Win32
		{10183F6A-961A-4564-98B1-67F04DDA5A26}.Release|Win32.ActiveCfg = Release|Win32
		{10183F6A-961A-4564-98B1-67F04DDA5A26}.Release|Win32.Build.0 = Release|Win32
		{EEDB0182-93B1-42C7-8A14-4B28024C764A}.Debug|Win32.ActiveCfg = Debug|Win32
		{EEDB0182-93B1-42C7-8A14-4B28024C764A}.Debug|Win32.Build.0 = Debug|Win32
		{EEDB0182-93B1-42C7-8A14-4B28024C764A}.Release|Win32.ActiveCfg = Release|Win32
		{EEDB0182-93B1-42C7-8A14-4B28024C764A}.Release|Win32.Build.0 = Release|Win32
		{717A4F11-CAA2-4780-8120-81B4A677BA7E}.Debug|Win32.ActiveCfg = Debug|Win32
		{717A4F11-CAA2-4780-8120-81B4A677BA7E}.Debug|Win32.Build.0 = Debug|Win32
		{717A4F11-CAA2-4780-8120-81B4A677BA7E}.Release|Win32.ActiveCfg = Release|Win32
		{717A4F11-CAA2-4780-8120-81B4A677BA7E}.Release|Win32.Build.0 = Release|Win32
		{89C90B43-26E5-48C8-9B11-5B5F9CB0322A}.Debug|Win32.ActiveCfg = Debug|Win32
		{89C90B43-26E5-48C8-9B11-5B5F9CB0322A}.Debug|Win32.Build.0 = Debug|Win32
		{89C90B43-26E5-48C8-9B11-5B5F9CB0322A}.Release|Win32.ActiveCfg = Release|Win32
		{89C90B43-26E5-48C8-9B11-5B5F9CB0322A}.Release|Win32.Build.0 = Release|Win32
		{DF43008F-20EB-4CA5-829F-CE45FC3BAE8F}.Debug|Win32.ActiveCfg = Debug|Win32
		{DF43008F-20EB-4CA5-829F-CE45FC3BAE8F}.Debug|Win32.Build.0 = Debug|Win32
		{DF43008F-20EB-4CA5-829F-CE45FC3BAE8F}.Release|Win32.ActiveCfg = Release|Win32
		{DF43008F-20EB-4CA5-829F-CE45FC3BAE8F}.Release|Win32.Build.0 = Release|Win32
		{4004630B-C2D1-454A-B1F1-2DF590ABEF06}.Debug|Win32.ActiveCfg = Debug|Win32
		{4004630B-C2D1-454A-B1F1-2DF590ABEF06}.Debug|Win32.Build.0 = Debug|Win32
		{4004630B-C2D1-454A-B1F1-2DF590ABEF06}.Release|Win32.ActiveCfg = Release|Win32
		{4004630B-C2D1-454A-B1F1-2DF590ABEF06}.Release|Win32.Build.0 = Release|Win32
		{221E30B6-1BA0-4A89-85C7-26B3EC39217D}.Debug|Win32.ActiveCfg = Debug|Win32
		{221E30B6-1BA0-4A89-85C7-26B3EC39217D}.Debug|Win32.Build.0 = Debug|Win32
		{221E30B6-1BA0-4A89-85C7-26B3EC39217D}.Release|Win32.ActiveCfg = Release|Win32
		{221E30B6-1BA0-4A89-85C7-26B3EC39217D}.Release|Win32.Build.0 = Release|Win32
		{D7552788-AA67-47EE-9884-BE3E6670A664}.Debug|Win32.ActiveCfg = Debug|Win32
		{D7552788-AA67-47EE-9884-BE3E6670A664}.Debug|Win32.Build.0 = Debug|Win32
		{D7552788-AA67-47EE-9884-BE3E6670A664}.Release|Win32.ActiveCfg = Release|Win32
		{D7552788-AA67-47EE-9884-BE3E6670A664}.Release|Win32.Build.0 = Release|Win32
		{1946AB69-DA92-43EF-B38F-26A0740B279C}.Debug|Win32.ActiveCfg = Debug|Win32
		{1946AB69-DA92-43EF-B38F-26A0740B279C}.Debug|Win32.Build.0 = Debug|Win32
		{1946AB69-DA92-43EF-B38F-26A0740B279C}.Release|Win32.ActiveCfg = Release|Win32
		{1946AB69-DA92-43EF-B38F-26A0740B279C}.Release|Win32.Build.0 = Release|Win32
		{CBAF0AA9-1B84-4A61-AE7F-E26FC321120E}.Debug|Win32.ActiveCfg = Debug|Win32
		{CBAF0AA9-1B84-4A61-AE7F-E26FC321120E}.Debug|Win32.Build.0 = Debug|Win32
		{CBAF0AA9-1B84-4A61-AE7F-E26FC321120E}.Release|Win32.ActiveCfg = Release|Win32
		{CBAF0AA9-1B84-4A61-AE7F-E26FC321120E}.Release|Win32.Build.0 = Release|Win32
		{73CA113F-E5F8-4DFC-801E-C45AA813E6FF}.Debug|Win32.ActiveCfg = Debug|Win32
		{73CA113F-E5F8-4DFC-801E-C45AA813E6FF}.Debug|Win32.Build.0 = Debug|Win32
		{73CA113F-E5F8-4DFC-801E-C45AA813E6FF}.Release|Win32.ActiveCfg = Release|Win32
		{73CA113F-E5F8-4DFC-801E-C45AA813E6FF}.Release|Win32.Build.0 = Release|Win32
		{5A188203-099B-4A87-ACD4-35F1CBB52DB5}.Debug|Win32.ActiveCfg = Debug|Win32
		{5A188203-099B-4A87-ACD4-35F1CBB52DB5}.Debug|Win32.Build.0 = Debug|Win32
		{5A188203-099B-4A87-ACD4-35F1CBB52DB5}.Release|Win32.ActiveCfg = Release|Win32
		{5A188203-099B-4A87-ACD4-35F1CBB52DB5}.Release|Win32.Build.0 = Release|Win32
	EndGlobalSection
	GlobalSection(SolutionProperties) = preSolution
		HideSolutionNode = FALSE
	EndGlobalSection
	GlobalSection(ExtensibilityGlobals) = postSolution
		SolutionGuid = {DE2CE2DB-3424-46B8-935F-23906D9D9909}
	EndGlobalSection
EndGlobal
