<?xml version="1.0" encoding="utf-8"?>
<Project ToolsVersion="4.0" xmlns="http://schemas.microsoft.com/developer/msbuild/2003">
  <ItemGroup>
    <ClCompile Include="stdafx.cpp" />
    <ClCompile Include="SamplPredictByTurnForSys2.cpp" />
    <ClCompile Include="..\RunUpSys\RunUpSysEstimateNU.cpp">
      <Filter>Для генерации НУ</Filter>
    </ClCompile>
  </ItemGroup>
  <ItemGroup>
    <ClInclude Include="stdafx.h" />
  </ItemGroup>
  <ItemGroup>
    <Filter Include="Для генерации НУ">
      <UniqueIdentifier>{e36e7a40-e198-4d8c-a04b-bf089b4ac4f2}</UniqueIdentifier>
    </Filter>
  </ItemGroup>
</Project>